<?xml version="1.0" encoding="utf-8"?>
<Project ToolsVersion="4.0" xmlns="http://schemas.microsoft.com/developer/msbuild/2003">
  <ItemGroup>
    <Filter Include="Main">
      <UniqueIdentifier>{bcc0fa4b-211d-4d04-a0cc-70796f44b96d}</UniqueIdentifier>
    </Filter>
    <Filter Include="Packet">
      <UniqueIdentifier>{a7d73303-1e82-46b2-8d12-e3400fb953b8}</UniqueIdentifier>
    </Filter>
  </ItemGroup>
  <ItemGroup>
    <ClCompile Include="main.cpp">
      <Filter>Main</Filter>
    </ClCompile>
    <ClCompile Include="LoginServer.cpp">
      <Filter>Main</Filter>
    </ClCompile>
    <ClCompile Include="pch.cpp">
      <Filter>Main</Filter>
    </ClCompile>
    <ClCompile Include="ClientSession.cpp">
      <Filter>Main</Filter>
    </ClCompile>
    <ClCompile Include="ClientPacketHandler.cpp">
      <Filter>Packet</Filter>
    </ClCompile>
    <ClCompile Include="Enum.pb.cc">
      <Filter>Packet</Filter>
    </ClCompile>
    <ClCompile Include="Protocol.pb.cc">
      <Filter>Packet</Filter>
    </ClCompile>
    <ClCompile Include="Struct.pb.cc">
      <Filter>Packet</Filter>
    </ClCompile>
    <ClCompile Include="ClientSessionManager.cpp">
      <Filter>Main</Filter>
    </ClCompile>
    <ClCompile Include="Random.cpp">
      <Filter>Main</Filter>
    </ClCompile>
  </ItemGroup>
  <ItemGroup>
    <ClInclude Include="pch.h">
      <Filter>Main</Filter>
    </ClInclude>
    <ClInclude Include="LoginServer.h">
      <Filter>Main</Filter>
    </ClInclude>
    <ClInclude Include="ClientSession.h">
      <Filter>Main</Filter>
    </ClInclude>
    <ClInclude Include="ClientPacketHandler.h">
      <Filter>Packet</Filter>
    </ClInclude>
    <ClInclude Include="Enum.pb.h">
      <Filter>Packet</Filter>
    </ClInclude>
    <ClInclude Include="Protocol.pb.h">
      <Filter>Packet</Filter>
    </ClInclude>
    <ClInclude Include="Struct.pb.h">
      <Filter>Packet</Filter>
    </ClInclude>
    <ClInclude Include="ClientSessionManager.h">
      <Filter>Main</Filter>
    </ClInclude>
    <ClInclude Include="Random.h">
      <Filter>Main</Filter>
    </ClInclude>
    <ClInclude Include="Math.h">
      <Filter>Main</Filter>
    </ClInclude>
  </ItemGroup>
  <ItemGroup>
    <None Include="..\Common\Protocol\bin\Protocol.proto">
      <Filter>Packet</Filter>
    </None>
    <None Include="..\Common\Protocol\bin\Struct.proto">
      <Filter>Packet</Filter>
    </None>
    <None Include="..\Common\Protocol\bin\Enum.proto">
      <Filter>Packet</Filter>
    </None>
  </ItemGroup>
</Project>