<?xml version="1.0" encoding="utf-8"?>
<Project ToolsVersion="4.0" xmlns="http://schemas.microsoft.com/developer/msbuild/2003">
  <ItemGroup>
    <Filter Include="소스 파일">
      <UniqueIdentifier>{4FC737F1-C7A5-4376-A066-2A32D752A2FF}</UniqueIdentifier>
      <Extensions>cpp;c;cc;cxx;c++;cppm;ixx;def;odl;idl;hpj;bat;asm;asmx</Extensions>
    </Filter>
    <Filter Include="소스 파일\Network">
      <UniqueIdentifier>{cba6796e-1f4f-4bd5-975d-9102dd25ec01}</UniqueIdentifier>
    </Filter>
    <Filter Include="소스 파일\Memory">
      <UniqueIdentifier>{a80b89e3-75f2-4ed6-9f5d-89e0e21de727}</UniqueIdentifier>
    </Filter>
    <Filter Include="소스 파일\Log">
      <UniqueIdentifier>{bc3db158-d795-4906-a703-b339fc898d23}</UniqueIdentifier>
    </Filter>
    <Filter Include="소스 파일\Utility">
      <UniqueIdentifier>{5cb8e996-e799-48e9-8b03-d60b60670e44}</UniqueIdentifier>
    </Filter>
    <Filter Include="소스 파일\Thread">
      <UniqueIdentifier>{dab13edb-557c-4288-b19e-0d45d52cd211}</UniqueIdentifier>
    </Filter>
    <Filter Include="소스 파일\Common">
      <UniqueIdentifier>{a8360f17-56c3-482a-aafe-cb5b79f8ef66}</UniqueIdentifier>
    </Filter>
    <Filter Include="소스 파일\Synchronization">
      <UniqueIdentifier>{a2323090-2cf2-4a09-b96a-572ae62b3e59}</UniqueIdentifier>
    </Filter>
    <Filter Include="소스 파일\Job">
      <UniqueIdentifier>{da94aba6-915f-4313-9521-34673d34b584}</UniqueIdentifier>
    </Filter>
    <Filter Include="소스 파일\DB">
      <UniqueIdentifier>{3e096ee7-8072-4192-8352-02ef83185cff}</UniqueIdentifier>
    </Filter>
    <Filter Include="소스 파일\XML">
      <UniqueIdentifier>{3b876eb9-3614-42eb-a985-e4fddea458c0}</UniqueIdentifier>
    </Filter>
    <Filter Include="소스 파일\Json">
      <UniqueIdentifier>{af17cd18-febc-4d28-a287-e21f1285d46a}</UniqueIdentifier>
    </Filter>
  </ItemGroup>
  <ItemGroup>
    <ClInclude Include="Acceptor.h">
      <Filter>소스 파일\Network</Filter>
    </ClInclude>
    <ClInclude Include="IocpCore.h">
      <Filter>소스 파일\Network</Filter>
    </ClInclude>
    <ClInclude Include="IocpEvent.h">
      <Filter>소스 파일\Network</Filter>
    </ClInclude>
    <ClInclude Include="NetworkAddress.h">
      <Filter>소스 파일\Network</Filter>
    </ClInclude>
    <ClInclude Include="NetworkService.h">
      <Filter>소스 파일\Network</Filter>
    </ClInclude>
    <ClInclude Include="RecvBuffer.h">
      <Filter>소스 파일\Network</Filter>
    </ClInclude>
    <ClInclude Include="SendBuffer.h">
      <Filter>소스 파일\Network</Filter>
    </ClInclude>
    <ClInclude Include="Session.h">
      <Filter>소스 파일\Network</Filter>
    </ClInclude>
    <ClInclude Include="SocketUtils.h">
      <Filter>소스 파일\Network</Filter>
    </ClInclude>
    <ClInclude Include="Allocator.h">
      <Filter>소스 파일\Memory</Filter>
    </ClInclude>
    <ClInclude Include="MemoryPool.h">
      <Filter>소스 파일\Memory</Filter>
    </ClInclude>
    <ClInclude Include="ObjectPool.h">
      <Filter>소스 파일\Memory</Filter>
    </ClInclude>
    <ClInclude Include="STLContainer.h">
      <Filter>소스 파일\Memory</Filter>
    </ClInclude>
    <ClInclude Include="ConcurrentQueue.h">
      <Filter>소스 파일\Synchronization</Filter>
    </ClInclude>
    <ClInclude Include="Logger.h">
      <Filter>소스 파일\Log</Filter>
    </ClInclude>
    <ClInclude Include="IniFileParser.h">
      <Filter>소스 파일\Utility</Filter>
    </ClInclude>
    <ClInclude Include="MiniDump.h">
      <Filter>소스 파일\Utility</Filter>
    </ClInclude>
    <ClInclude Include="Registry.h">
      <Filter>소스 파일\Utility</Filter>
    </ClInclude>
    <ClInclude Include="ThreadLocalStorage.h">
      <Filter>소스 파일\Thread</Filter>
    </ClInclude>
    <ClInclude Include="CorePch.h">
      <Filter>소스 파일\Common</Filter>
    </ClInclude>
    <ClInclude Include="Global.h">
      <Filter>소스 파일\Common</Filter>
    </ClInclude>
    <ClInclude Include="Macro.h">
      <Filter>소스 파일\Common</Filter>
    </ClInclude>
    <ClInclude Include="pch.h">
      <Filter>소스 파일\Common</Filter>
    </ClInclude>
    <ClInclude Include="Types.h">
      <Filter>소스 파일\Common</Filter>
    </ClInclude>
    <ClInclude Include="Lock.h">
      <Filter>소스 파일\Synchronization</Filter>
    </ClInclude>
    <ClInclude Include="JobBaseObject.h">
      <Filter>소스 파일\Job</Filter>
    </ClInclude>
    <ClInclude Include="Job.h">
      <Filter>소스 파일\Job</Filter>
    </ClInclude>
    <ClInclude Include="JobTimer.h">
      <Filter>소스 파일\Job</Filter>
    </ClInclude>
    <ClInclude Include="DistributeJobBaseObject.h">
      <Filter>소스 파일\Job</Filter>
    </ClInclude>
    <ClInclude Include="DBConnection.h">
      <Filter>소스 파일\DB</Filter>
    </ClInclude>
    <ClInclude Include="DBConnectionPool.h">
      <Filter>소스 파일\DB</Filter>
    </ClInclude>
    <ClInclude Include="DBHelper.h">
      <Filter>소스 파일\DB</Filter>
    </ClInclude>
    <ClInclude Include="rapidxml_iterators.hpp">
      <Filter>소스 파일\XML</Filter>
    </ClInclude>
    <ClInclude Include="rapidxml_print.hpp">
      <Filter>소스 파일\XML</Filter>
    </ClInclude>
    <ClInclude Include="rapidxml_utils.hpp">
      <Filter>소스 파일\XML</Filter>
    </ClInclude>
    <ClInclude Include="rapidxml.hpp">
      <Filter>소스 파일\XML</Filter>
    </ClInclude>
    <ClInclude Include="UtilityHelper.h">
      <Filter>소스 파일\Utility</Filter>
    </ClInclude>
    <ClInclude Include="XmlParser.h">
      <Filter>소스 파일\XML</Filter>
    </ClInclude>
    <ClInclude Include="Thread.h">
      <Filter>소스 파일\Thread</Filter>
    </ClInclude>
    <ClInclude Include="ThreadManager.h">
      <Filter>소스 파일\Thread</Filter>
    </ClInclude>
    <ClInclude Include="LockManager.h">
      <Filter>소스 파일\Synchronization</Filter>
    </ClInclude>
    <ClInclude Include="ThreadCallStack.h">
      <Filter>소스 파일\Thread</Filter>
    </ClInclude>
    <ClInclude Include="JsonParser.h">
      <Filter>소스 파일\Json</Filter>
    </ClInclude>
    <ClInclude Include="BoundedQueue.h">
      <Filter>소스 파일\Synchronization</Filter>
    </ClInclude>
  </ItemGroup>
  <ItemGroup>
    <ClCompile Include="Acceptor.cpp">
      <Filter>소스 파일\Network</Filter>
    </ClCompile>
    <ClCompile Include="IocpCore.cpp">
      <Filter>소스 파일\Network</Filter>
    </ClCompile>
    <ClCompile Include="IocpEvent.cpp">
      <Filter>소스 파일\Network</Filter>
    </ClCompile>
    <ClCompile Include="NetworkAddress.cpp">
      <Filter>소스 파일\Network</Filter>
    </ClCompile>
    <ClCompile Include="NetworkService.cpp">
      <Filter>소스 파일\Network</Filter>
    </ClCompile>
    <ClCompile Include="RecvBuffer.cpp">
      <Filter>소스 파일\Network</Filter>
    </ClCompile>
    <ClCompile Include="SendBuffer.cpp">
      <Filter>소스 파일\Network</Filter>
    </ClCompile>
    <ClCompile Include="Session.cpp">
      <Filter>소스 파일\Network</Filter>
    </ClCompile>
    <ClCompile Include="SocketUtils.cpp">
      <Filter>소스 파일\Network</Filter>
    </ClCompile>
    <ClCompile Include="Allocator.cpp">
      <Filter>소스 파일\Memory</Filter>
    </ClCompile>
    <ClCompile Include="MemoryPool.cpp">
      <Filter>소스 파일\Memory</Filter>
    </ClCompile>
    <ClCompile Include="ConcurrentQueue.cpp">
      <Filter>소스 파일\Synchronization</Filter>
    </ClCompile>
    <ClCompile Include="Logger.cpp">
      <Filter>소스 파일\Log</Filter>
    </ClCompile>
    <ClCompile Include="IniFileParser.cpp">
      <Filter>소스 파일\Utility</Filter>
    </ClCompile>
    <ClCompile Include="MiniDump.cpp">
      <Filter>소스 파일\Utility</Filter>
    </ClCompile>
    <ClCompile Include="Registry.cpp">
      <Filter>소스 파일\Utility</Filter>
    </ClCompile>
    <ClCompile Include="ThreadLocalStorage.cpp">
      <Filter>소스 파일\Thread</Filter>
    </ClCompile>
    <ClCompile Include="Global.cpp">
      <Filter>소스 파일\Common</Filter>
    </ClCompile>
    <ClCompile Include="pch.cpp">
      <Filter>소스 파일\Common</Filter>
    </ClCompile>
    <ClCompile Include="Lock.cpp">
      <Filter>소스 파일\Synchronization</Filter>
    </ClCompile>
    <ClCompile Include="JobBaseObject.cpp">
      <Filter>소스 파일\Job</Filter>
    </ClCompile>
    <ClCompile Include="Job.cpp">
      <Filter>소스 파일\Job</Filter>
    </ClCompile>
    <ClCompile Include="JobTimer.cpp">
      <Filter>소스 파일\Job</Filter>
    </ClCompile>
    <ClCompile Include="DistributeJobBaseObject.cpp">
      <Filter>소스 파일\Job</Filter>
    </ClCompile>
    <ClCompile Include="DBConnectionPool.cpp">
      <Filter>소스 파일\DB</Filter>
    </ClCompile>
    <ClCompile Include="DBConnection.cpp">
      <Filter>소스 파일\DB</Filter>
    </ClCompile>
    <ClCompile Include="DBHelper.cpp">
      <Filter>소스 파일\DB</Filter>
    </ClCompile>
    <ClCompile Include="UtilityHelper.cpp">
      <Filter>소스 파일\Utility</Filter>
    </ClCompile>
    <ClCompile Include="XmlParser.cpp">
      <Filter>소스 파일\XML</Filter>
    </ClCompile>
    <ClCompile Include="Thread.cpp">
      <Filter>소스 파일\Thread</Filter>
    </ClCompile>
    <ClCompile Include="ThreadManager.cpp">
      <Filter>소스 파일\Thread</Filter>
    </ClCompile>
    <ClCompile Include="LockManager.cpp">
      <Filter>소스 파일\Synchronization</Filter>
    </ClCompile>
    <ClCompile Include="ThreadCallStack.cpp">
      <Filter>소스 파일\Thread</Filter>
    </ClCompile>
    <ClCompile Include="JsonParser.cpp">
      <Filter>소스 파일\Json</Filter>
    </ClCompile>
  </ItemGroup>
</Project>